
Microsoft Visual Studio Solution File, Format Version 12.00
# Visual Studio 15
VisualStudioVersion = 15.0.26730.12
MinimumVisualStudioVersion = 10.0.40219.1
Project("{8BC9CEB8-8B4A-11D0-8D11-00A0C91BC942}") = "page36", "page36\page36.vcxproj", "{7BB35F4C-3FDC-4859-8B82-E2BC86DF0815}"
EndProject
Global
	GlobalSection(SolutionConfigurationPlatforms) = preSolution
		Debug|x64 = Debug|x64
		Debug|x86 = Debug|x86
		Release|x64 = Release|x64
		Release|x86 = Release|x86
	EndGlobalSection
	GlobalSection(ProjectConfigurationPlatforms) = postSolution
		{7BB35F4C-3FDC-4859-8B82-E2BC86DF0815}.Debug|x64.ActiveCfg = Debug|x64
		{7BB35F4C-3FDC-4859-8B82-E2BC86DF0815}.Debug|x64.Build.0 = Debug|x64
		{7BB35F4C-3FDC-4859-8B82-E2BC86DF0815}.Debug|x86.ActiveCfg = Debug|Win32
		{7BB35F4C-3FDC-4859-8B82-E2BC86DF0815}.Debug|x86.Build.0 = Debug|Win32
		{7BB35F4C-3FDC-4859-8B82-E2BC86DF0815}.Release|x64.ActiveCfg = Release|x64
		{7BB35F4C-3FDC-4859-8B82-E2BC86DF0815}.Release|x64.Build.0 = Release|x64
		{7BB35F4C-3FDC-4859-8B82-E2BC86DF0815}.Release|x86.ActiveCfg = Release|Win32
		{7BB35F4C-3FDC-4859-8B82-E2BC86DF0815}.Release|x86.Build.0 = Release|Win32
	EndGlobalSection
	GlobalSection(SolutionProperties) = preSolution
		HideSolutionNode = FALSE
	EndGlobalSection
	GlobalSection(ExtensibilityGlobals) = postSolution
		SolutionGuid = {A83A71F1-AAE7-4E45-BF98-D8721D5BC999}
	EndGlobalSection
EndGlobal
